
Microsoft Visual Studio Solution File, Format Version 12.00
# Visual Studio 15
VisualStudioVersion = 15.0.26730.3
MinimumVisualStudioVersion = 10.0.40219.1
Project("{FAE04EC0-301F-11D3-BF4B-00C04F79EFBC}") = "CityInfo.API", "CityInfo.API\CityInfo.API.csproj", "{32FF5B44-1AB3-472E-B0C1-08E1A7FF72D9}"
EndProject
Global
	GlobalSection(SolutionConfigurationPlatforms) = preSolution
		Debug|Any CPU = Debug|Any CPU
		Release|Any CPU = Release|Any CPU
	EndGlobalSection
	GlobalSection(ProjectConfigurationPlatforms) = postSolution
		{32FF5B44-1AB3-472E-B0C1-08E1A7FF72D9}.Debug|Any CPU.ActiveCfg = Debug|Any CPU
		{32FF5B44-1AB3-472E-B0C1-08E1A7FF72D9}.Debug|Any CPU.Build.0 = Debug|Any CPU
		{32FF5B44-1AB3-472E-B0C1-08E1A7FF72D9}.Release|Any CPU.ActiveCfg = Release|Any CPU
		{32FF5B44-1AB3-472E-B0C1-08E1A7FF72D9}.Release|Any CPU.Build.0 = Release|Any CPU
	EndGlobalSection
	GlobalSection(SolutionProperties) = preSolution
		HideSolutionNode = FALSE
	EndGlobalSection
	GlobalSection(ExtensibilityGlobals) = postSolution
		SolutionGuid = {6F5DA578-5C34-4BEE-A922-98282155A22B}
	EndGlobalSection
EndGlobal
